
Microsoft Visual Studio Solution File, Format Version 12.00
# Visual Studio Version 17
VisualStudioVersion = 17.0.31903.59
MinimumVisualStudioVersion = 10.0.40219.1
Project("{2150E333-8FDC-42A3-9474-1A3956D46DE8}") = "section5_llms", "section5_llms", "{F1875F12-D07F-1C71-9533-C3F1ED9CE8EF}"
EndProject
Project("{FAE04EC0-301F-11D3-BF4B-00C04F79EFBC}") = "TextCompletion", "section5_llms\TextCompletion\TextCompletion.csproj", "{75A2F301-F073-4147-8E56-7A9DD960EE88}"
EndProject
Project("{FAE04EC0-301F-11D3-BF4B-00C04F79EFBC}") = "TextCompletion_Ollama", "section5_llms\TextCompletion_Ollama\TextCompletion_Ollama.csproj", "{EC9876EC-68C4-4F15-A6B2-9A9A635EE814}"
EndProject
Project("{FAE04EC0-301F-11D3-BF4B-00C04F79EFBC}") = "FunctionCall", "section5_llms\FunctionCall\FunctionCall.csproj", "{80208CD6-6C99-469E-A923-A1745ACA09A3}"
EndProject
Project("{2150E333-8FDC-42A3-9474-1A3956D46DE8}") = "section6_vectors", "section6_vectors", "{DC673853-139E-A8F8-77D3-CB060DAB644A}"
EndProject
Project("{FAE04EC0-301F-11D3-BF4B-00C04F79EFBC}") = "Embeddings", "section6_vectors\Embeddings\Embeddings.csproj", "{0798EECC-AA15-4079-9773-86F37062DDDF}"
EndProject
Project("{FAE04EC0-301F-11D3-BF4B-00C04F79EFBC}") = "VectorSearch", "section6_vectors\VectorSearch\VectorSearch.csproj", "{BF8DEED5-6FDB-4FCE-B538-C0C006408DF9}"
EndProject
Project("{FAE04EC0-301F-11D3-BF4B-00C04F79EFBC}") = "VectorSearch_Ollama", "section6_vectors\VectorSearch_Ollama\VectorSearch_Ollama.csproj", "{331B392B-2A04-4B20-9053-4D9E344C7D94}"
EndProject
Global
	GlobalSection(SolutionConfigurationPlatforms) = preSolution
		Debug|Any CPU = Debug|Any CPU
		Debug|x64 = Debug|x64
		Debug|x86 = Debug|x86
		Release|Any CPU = Release|Any CPU
		Release|x64 = Release|x64
		Release|x86 = Release|x86
	EndGlobalSection
	GlobalSection(ProjectConfigurationPlatforms) = postSolution
		{75A2F301-F073-4147-8E56-7A9DD960EE88}.Debug|Any CPU.ActiveCfg = Debug|Any CPU
		{75A2F301-F073-4147-8E56-7A9DD960EE88}.Debug|Any CPU.Build.0 = Debug|Any CPU
		{75A2F301-F073-4147-8E56-7A9DD960EE88}.Debug|x64.ActiveCfg = Debug|Any CPU
		{75A2F301-F073-4147-8E56-7A9DD960EE88}.Debug|x64.Build.0 = Debug|Any CPU
		{75A2F301-F073-4147-8E56-7A9DD960EE88}.Debug|x86.ActiveCfg = Debug|Any CPU
		{75A2F301-F073-4147-8E56-7A9DD960EE88}.Debug|x86.Build.0 = Debug|Any CPU
		{75A2F301-F073-4147-8E56-7A9DD960EE88}.Release|Any CPU.ActiveCfg = Release|Any CPU
		{75A2F301-F073-4147-8E56-7A9DD960EE88}.Release|Any CPU.Build.0 = Release|Any CPU
		{75A2F301-F073-4147-8E56-7A9DD960EE88}.Release|x64.ActiveCfg = Release|Any CPU
		{75A2F301-F073-4147-8E56-7A9DD960EE88}.Release|x64.Build.0 = Release|Any CPU
		{75A2F301-F073-4147-8E56-7A9DD960EE88}.Release|x86.ActiveCfg = Release|Any CPU
		{75A2F301-F073-4147-8E56-7A9DD960EE88}.Release|x86.Build.0 = Release|Any CPU
		{EC9876EC-68C4-4F15-A6B2-9A9A635EE814}.Debug|Any CPU.ActiveCfg = Debug|Any CPU
		{EC9876EC-68C4-4F15-A6B2-9A9A635EE814}.Debug|Any CPU.Build.0 = Debug|Any CPU
		{EC9876EC-68C4-4F15-A6B2-9A9A635EE814}.Debug|x64.ActiveCfg = Debug|Any CPU
		{EC9876EC-68C4-4F15-A6B2-9A9A635EE814}.Debug|x64.Build.0 = Debug|Any CPU
		{EC9876EC-68C4-4F15-A6B2-9A9A635EE814}.Debug|x86.ActiveCfg = Debug|Any CPU
		{EC9876EC-68C4-4F15-A6B2-9A9A635EE814}.Debug|x86.Build.0 = Debug|Any CPU
		{EC9876EC-68C4-4F15-A6B2-9A9A635EE814}.Release|Any CPU.ActiveCfg = Release|Any CPU
		{EC9876EC-68C4-4F15-A6B2-9A9A635EE814}.Release|Any CPU.Build.0 = Release|Any CPU
		{EC9876EC-68C4-4F15-A6B2-9A9A635EE814}.Release|x64.ActiveCfg = Release|Any CPU
		{EC9876EC-68C4-4F15-A6B2-9A9A635EE814}.Release|x64.Build.0 = Release|Any CPU
		{EC9876EC-68C4-4F15-A6B2-9A9A635EE814}.Release|x86.ActiveCfg = Release|Any CPU
		{EC9876EC-68C4-4F15-A6B2-9A9A635EE814}.Release|x86.Build.0 = Release|Any CPU
		{80208CD6-6C99-469E-A923-A1745ACA09A3}.Debug|Any CPU.ActiveCfg = Debug|Any CPU
		{80208CD6-6C99-469E-A923-A1745ACA09A3}.Debug|Any CPU.Build.0 = Debug|Any CPU
		{80208CD6-6C99-469E-A923-A1745ACA09A3}.Debug|x64.ActiveCfg = Debug|Any CPU
		{80208CD6-6C99-469E-A923-A1745ACA09A3}.Debug|x64.Build.0 = Debug|Any CPU
		{80208CD6-6C99-469E-A923-A1745ACA09A3}.Debug|x86.ActiveCfg = Debug|Any CPU
		{80208CD6-6C99-469E-A923-A1745ACA09A3}.Debug|x86.Build.0 = Debug|Any CPU
		{80208CD6-6C99-469E-A923-A1745ACA09A3}.Release|Any CPU.ActiveCfg = Release|Any CPU
		{80208CD6-6C99-469E-A923-A1745ACA09A3}.Release|Any CPU.Build.0 = Release|Any CPU
		{80208CD6-6C99-469E-A923-A1745ACA09A3}.Release|x64.ActiveCfg = Release|Any CPU
		{80208CD6-6C99-469E-A923-A1745ACA09A3}.Release|x64.Build.0 = Release|Any CPU
		{80208CD6-6C99-469E-A923-A1745ACA09A3}.Release|x86.ActiveCfg = Release|Any CPU
		{80208CD6-6C99-469E-A923-A1745ACA09A3}.Release|x86.Build.0 = Release|Any CPU
		{0798EECC-AA15-4079-9773-86F37062DDDF}.Debug|Any CPU.ActiveCfg = Debug|Any CPU
		{0798EECC-AA15-4079-9773-86F37062DDDF}.Debug|Any CPU.Build.0 = Debug|Any CPU
		{0798EECC-AA15-4079-9773-86F37062DDDF}.Debug|x64.ActiveCfg = Debug|Any CPU
		{0798EECC-AA15-4079-9773-86F37062DDDF}.Debug|x64.Build.0 = Debug|Any CPU
		{0798EECC-AA15-4079-9773-86F37062DDDF}.Debug|x86.ActiveCfg = Debug|Any CPU
		{0798EECC-AA15-4079-9773-86F37062DDDF}.Debug|x86.Build.0 = Debug|Any CPU
		{0798EECC-AA15-4079-9773-86F37062DDDF}.Release|Any CPU.ActiveCfg = Release|Any CPU
		{0798EECC-AA15-4079-9773-86F37062DDDF}.Release|Any CPU.Build.0 = Release|Any CPU
		{0798EECC-AA15-4079-9773-86F37062DDDF}.Release|x64.ActiveCfg = Release|Any CPU
		{0798EECC-AA15-4079-9773-86F37062DDDF}.Release|x64.Build.0 = Release|Any CPU
		{0798EECC-AA15-4079-9773-86F37062DDDF}.Release|x86.ActiveCfg = Release|Any CPU
		{0798EECC-AA15-4079-9773-86F37062DDDF}.Release|x86.Build.0 = Release|Any CPU
		{BF8DEED5-6FDB-4FCE-B538-C0C006408DF9}.Debug|Any CPU.ActiveCfg = Debug|Any CPU
		{BF8DEED5-6FDB-4FCE-B538-C0C006408DF9}.Debug|Any CPU.Build.0 = Debug|Any CPU
		{BF8DEED5-6FDB-4FCE-B538-C0C006408DF9}.Debug|x64.ActiveCfg = Debug|Any CPU
		{BF8DEED5-6FDB-4FCE-B538-C0C006408DF9}.Debug|x64.Build.0 = Debug|Any CPU
		{BF8DEED5-6FDB-4FCE-B538-C0C006408DF9}.Debug|x86.ActiveCfg = Debug|Any CPU
		{BF8DEED5-6FDB-4FCE-B538-C0C006408DF9}.Debug|x86.Build.0 = Debug|Any CPU
		{BF8DEED5-6FDB-4FCE-B538-C0C006408DF9}.Release|Any CPU.ActiveCfg = Release|Any CPU
		{BF8DEED5-6FDB-4FCE-B538-C0C006408DF9}.Release|Any CPU.Build.0 = Release|Any CPU
		{BF8DEED5-6FDB-4FCE-B538-C0C006408DF9}.Release|x64.ActiveCfg = Release|Any CPU
		{BF8DEED5-6FDB-4FCE-B538-C0C006408DF9}.Release|x64.Build.0 = Release|Any CPU
		{BF8DEED5-6FDB-4FCE-B538-C0C006408DF9}.Release|x86.ActiveCfg = Release|Any CPU
		{BF8DEED5-6FDB-4FCE-B538-C0C006408DF9}.Release|x86.Build.0 = Release|Any CPU
		{331B392B-2A04-4B20-9053-4D9E344C7D94}.Debug|Any CPU.ActiveCfg = Debug|Any CPU
		{331B392B-2A04-4B20-9053-4D9E344C7D94}.Debug|Any CPU.Build.0 = Debug|Any CPU
		{331B392B-2A04-4B20-9053-4D9E344C7D94}.Debug|x64.ActiveCfg = Debug|Any CPU
		{331B392B-2A04-4B20-9053-4D9E344C7D94}.Debug|x64.Build.0 = Debug|Any CPU
		{331B392B-2A04-4B20-9053-4D9E344C7D94}.Debug|x86.ActiveCfg = Debug|Any CPU
		{331B392B-2A04-4B20-9053-4D9E344C7D94}.Debug|x86.Build.0 = Debug|Any CPU
		{331B392B-2A04-4B20-9053-4D9E344C7D94}.Release|Any CPU.ActiveCfg = Release|Any CPU
		{331B392B-2A04-4B20-9053-4D9E344C7D94}.Release|Any CPU.Build.0 = Release|Any CPU
		{331B392B-2A04-4B20-9053-4D9E344C7D94}.Release|x64.ActiveCfg = Release|Any CPU
		{331B392B-2A04-4B20-9053-4D9E344C7D94}.Release|x64.Build.0 = Release|Any CPU
		{331B392B-2A04-4B20-9053-4D9E344C7D94}.Release|x86.ActiveCfg = Release|Any CPU
		{331B392B-2A04-4B20-9053-4D9E344C7D94}.Release|x86.Build.0 = Release|Any CPU
	EndGlobalSection
	GlobalSection(SolutionProperties) = preSolution
		HideSolutionNode = FALSE
	EndGlobalSection
	GlobalSection(NestedProjects) = preSolution
		{75A2F301-F073-4147-8E56-7A9DD960EE88} = {F1875F12-D07F-1C71-9533-C3F1ED9CE8EF}
		{EC9876EC-68C4-4F15-A6B2-9A9A635EE814} = {F1875F12-D07F-1C71-9533-C3F1ED9CE8EF}
		{80208CD6-6C99-469E-A923-A1745ACA09A3} = {F1875F12-D07F-1C71-9533-C3F1ED9CE8EF}
		{0798EECC-AA15-4079-9773-86F37062DDDF} = {DC673853-139E-A8F8-77D3-CB060DAB644A}
		{BF8DEED5-6FDB-4FCE-B538-C0C006408DF9} = {DC673853-139E-A8F8-77D3-CB060DAB644A}
		{331B392B-2A04-4B20-9053-4D9E344C7D94} = {DC673853-139E-A8F8-77D3-CB060DAB644A}
	EndGlobalSection
EndGlobal
