
Microsoft Visual Studio Solution File, Format Version 12.00
# Visual Studio Version 17
VisualStudioVersion = 17.0.31903.59
MinimumVisualStudioVersion = 10.0.40219.1
Project("{2150E333-8FDC-42A3-9474-1A3956D46DE8}") = "section5_llms", "section5_llms", "{F1875F12-D07F-1C71-9533-C3F1ED9CE8EF}"
EndProject
Project("{FAE04EC0-301F-11D3-BF4B-00C04F79EFBC}") = "TextCompletion", "section5_llms\TextCompletion\TextCompletion.csproj", "{75A2F301-F073-4147-8E56-7A9DD960EE88}"
EndProject
Project("{FAE04EC0-301F-11D3-BF4B-00C04F79EFBC}") = "TextCompletion_Ollama", "section5_llms\TextCompletion_Ollama\TextCompletion_Ollama.csproj", "{EC9876EC-68C4-4F15-A6B2-9A9A635EE814}"
EndProject
Project("{FAE04EC0-301F-11D3-BF4B-00C04F79EFBC}") = "FunctionCall", "section5_llms\FunctionCall\FunctionCall.csproj", "{80208CD6-6C99-469E-A923-A1745ACA09A3}"
EndProject
Project("{2150E333-8FDC-42A3-9474-1A3956D46DE8}") = "section6_vectors", "section6_vectors", "{DC673853-139E-A8F8-77D3-CB060DAB644A}"
EndProject
Project("{FAE04EC0-301F-11D3-BF4B-00C04F79EFBC}") = "Embeddings", "section6_vectors\Embeddings\Embeddings.csproj", "{0798EECC-AA15-4079-9773-86F37062DDDF}"
EndProject
Project("{FAE04EC0-301F-11D3-BF4B-00C04F79EFBC}") = "VectorSearch", "section6_vectors\VectorSearch\VectorSearch.csproj", "{BF8DEED5-6FDB-4FCE-B538-C0C006408DF9}"
EndProject
Project("{FAE04EC0-301F-11D3-BF4B-00C04F79EFBC}") = "VectorSearch_Ollama", "section6_vectors\VectorSearch_Ollama\VectorSearch_Ollama.csproj", "{331B392B-2A04-4B20-9053-4D9E344C7D94}"
EndProject
Project("{2150E333-8FDC-42A3-9474-1A3956D46DE8}") = "section7_rag", "section7_rag", "{9650ACC0-CF19-2633-FDAD-9ED9442E7F9D}"
EndProject
Project("{FAE04EC0-301F-11D3-BF4B-00C04F79EFBC}") = "CHatAPP.RAG", "section7_rag\CHatAPP.RAG\CHatAPP.RAG.csproj", "{B09D4030-0587-46BA-9121-54F8D145ECA5}"
EndProject
Project("{FAE04EC0-301F-11D3-BF4B-00C04F79EFBC}") = "CHatAPP_RAG_Ollama", "section7_rag\CHatAPP_RAG_Ollama\CHatAPP_RAG_Ollama.csproj", "{4C293A2B-4652-4ED9-A223-7C309007852E}"
EndProject
Project("{2150E333-8FDC-42A3-9474-1A3956D46DE8}") = "CHatAPP_RAG_Qdrant", "CHatAPP_RAG_Qdrant", "{C61BCB08-3DF5-A944-A55C-5CC0ED58806F}"
EndProject
Project("{FAE04EC0-301F-11D3-BF4B-00C04F79EFBC}") = "CHatAPP_RAG_Qdrant.AppHost", "section7_rag\CHatAPP_RAG_Qdrant\CHatAPP_RAG_Qdrant.AppHost\CHatAPP_RAG_Qdrant.AppHost.csproj", "{9BF54762-0D48-486B-B064-191E0C702172}"
EndProject
Project("{FAE04EC0-301F-11D3-BF4B-00C04F79EFBC}") = "CHatAPP_RAG_Qdrant.Web", "section7_rag\CHatAPP_RAG_Qdrant\CHatAPP_RAG_Qdrant.Web\CHatAPP_RAG_Qdrant.Web.csproj", "{925D235F-B7B4-4F09-BCF7-94CE50A2EC71}"
EndProject
Project("{FAE04EC0-301F-11D3-BF4B-00C04F79EFBC}") = "CHatAPP_RAG_Qdrant.ServiceDefaults", "section7_rag\CHatAPP_RAG_Qdrant\CHatAPP_RAG_Qdrant.ServiceDefaults\CHatAPP_RAG_Qdrant.ServiceDefaults.csproj", "{76CE4BEC-9CE5-464B-A3B2-C1BC5AE9512C}"
EndProject
Project("{2150E333-8FDC-42A3-9474-1A3956D46DE8}") = "section8_vision", "section8_vision", "{AED6A9FA-B7E6-BB93-0E7C-0FE2EB856F53}"
EndProject
Project("{FAE04EC0-301F-11D3-BF4B-00C04F79EFBC}") = "ImageAnalysis", "section8_vision\ImageAnalysis\ImageAnalysis.csproj", "{FE333F2C-CAC5-42AF-ADC1-A6E58F357E6A}"
EndProject
Project("{FAE04EC0-301F-11D3-BF4B-00C04F79EFBC}") = "TrafficCamAnalysis", "section8_vision\TrafficCamAnalysis\TrafficCamAnalysis.csproj", "{D7F9A9B9-507A-401A-9CCD-1622AB118E25}"
EndProject
Project("{FAE04EC0-301F-11D3-BF4B-00C04F79EFBC}") = "ImageAnalysis_Ollama", "section8_vision\ImageAnalysis_Ollama\ImageAnalysis_Ollama.csproj", "{AABD6AE5-1265-4FC7-9F6B-65BFA65E66F2}"
EndProject
Global
	GlobalSection(SolutionConfigurationPlatforms) = preSolution
		Debug|Any CPU = Debug|Any CPU
		Debug|x64 = Debug|x64
		Debug|x86 = Debug|x86
		Release|Any CPU = Release|Any CPU
		Release|x64 = Release|x64
		Release|x86 = Release|x86
	EndGlobalSection
	GlobalSection(ProjectConfigurationPlatforms) = postSolution
		{75A2F301-F073-4147-8E56-7A9DD960EE88}.Debug|Any CPU.ActiveCfg = Debug|Any CPU
		{75A2F301-F073-4147-8E56-7A9DD960EE88}.Debug|Any CPU.Build.0 = Debug|Any CPU
		{75A2F301-F073-4147-8E56-7A9DD960EE88}.Debug|x64.ActiveCfg = Debug|Any CPU
		{75A2F301-F073-4147-8E56-7A9DD960EE88}.Debug|x64.Build.0 = Debug|Any CPU
		{75A2F301-F073-4147-8E56-7A9DD960EE88}.Debug|x86.ActiveCfg = Debug|Any CPU
		{75A2F301-F073-4147-8E56-7A9DD960EE88}.Debug|x86.Build.0 = Debug|Any CPU
		{75A2F301-F073-4147-8E56-7A9DD960EE88}.Release|Any CPU.ActiveCfg = Release|Any CPU
		{75A2F301-F073-4147-8E56-7A9DD960EE88}.Release|Any CPU.Build.0 = Release|Any CPU
		{75A2F301-F073-4147-8E56-7A9DD960EE88}.Release|x64.ActiveCfg = Release|Any CPU
		{75A2F301-F073-4147-8E56-7A9DD960EE88}.Release|x64.Build.0 = Release|Any CPU
		{75A2F301-F073-4147-8E56-7A9DD960EE88}.Release|x86.ActiveCfg = Release|Any CPU
		{75A2F301-F073-4147-8E56-7A9DD960EE88}.Release|x86.Build.0 = Release|Any CPU
		{EC9876EC-68C4-4F15-A6B2-9A9A635EE814}.Debug|Any CPU.ActiveCfg = Debug|Any CPU
		{EC9876EC-68C4-4F15-A6B2-9A9A635EE814}.Debug|Any CPU.Build.0 = Debug|Any CPU
		{EC9876EC-68C4-4F15-A6B2-9A9A635EE814}.Debug|x64.ActiveCfg = Debug|Any CPU
		{EC9876EC-68C4-4F15-A6B2-9A9A635EE814}.Debug|x64.Build.0 = Debug|Any CPU
		{EC9876EC-68C4-4F15-A6B2-9A9A635EE814}.Debug|x86.ActiveCfg = Debug|Any CPU
		{EC9876EC-68C4-4F15-A6B2-9A9A635EE814}.Debug|x86.Build.0 = Debug|Any CPU
		{EC9876EC-68C4-4F15-A6B2-9A9A635EE814}.Release|Any CPU.ActiveCfg = Release|Any CPU
		{EC9876EC-68C4-4F15-A6B2-9A9A635EE814}.Release|Any CPU.Build.0 = Release|Any CPU
		{EC9876EC-68C4-4F15-A6B2-9A9A635EE814}.Release|x64.ActiveCfg = Release|Any CPU
		{EC9876EC-68C4-4F15-A6B2-9A9A635EE814}.Release|x64.Build.0 = Release|Any CPU
		{EC9876EC-68C4-4F15-A6B2-9A9A635EE814}.Release|x86.ActiveCfg = Release|Any CPU
		{EC9876EC-68C4-4F15-A6B2-9A9A635EE814}.Release|x86.Build.0 = Release|Any CPU
		{80208CD6-6C99-469E-A923-A1745ACA09A3}.Debug|Any CPU.ActiveCfg = Debug|Any CPU
		{80208CD6-6C99-469E-A923-A1745ACA09A3}.Debug|Any CPU.Build.0 = Debug|Any CPU
		{80208CD6-6C99-469E-A923-A1745ACA09A3}.Debug|x64.ActiveCfg = Debug|Any CPU
		{80208CD6-6C99-469E-A923-A1745ACA09A3}.Debug|x64.Build.0 = Debug|Any CPU
		{80208CD6-6C99-469E-A923-A1745ACA09A3}.Debug|x86.ActiveCfg = Debug|Any CPU
		{80208CD6-6C99-469E-A923-A1745ACA09A3}.Debug|x86.Build.0 = Debug|Any CPU
		{80208CD6-6C99-469E-A923-A1745ACA09A3}.Release|Any CPU.ActiveCfg = Release|Any CPU
		{80208CD6-6C99-469E-A923-A1745ACA09A3}.Release|Any CPU.Build.0 = Release|Any CPU
		{80208CD6-6C99-469E-A923-A1745ACA09A3}.Release|x64.ActiveCfg = Release|Any CPU
		{80208CD6-6C99-469E-A923-A1745ACA09A3}.Release|x64.Build.0 = Release|Any CPU
		{80208CD6-6C99-469E-A923-A1745ACA09A3}.Release|x86.ActiveCfg = Release|Any CPU
		{80208CD6-6C99-469E-A923-A1745ACA09A3}.Release|x86.Build.0 = Release|Any CPU
		{0798EECC-AA15-4079-9773-86F37062DDDF}.Debug|Any CPU.ActiveCfg = Debug|Any CPU
		{0798EECC-AA15-4079-9773-86F37062DDDF}.Debug|Any CPU.Build.0 = Debug|Any CPU
		{0798EECC-AA15-4079-9773-86F37062DDDF}.Debug|x64.ActiveCfg = Debug|Any CPU
		{0798EECC-AA15-4079-9773-86F37062DDDF}.Debug|x64.Build.0 = Debug|Any CPU
		{0798EECC-AA15-4079-9773-86F37062DDDF}.Debug|x86.ActiveCfg = Debug|Any CPU
		{0798EECC-AA15-4079-9773-86F37062DDDF}.Debug|x86.Build.0 = Debug|Any CPU
		{0798EECC-AA15-4079-9773-86F37062DDDF}.Release|Any CPU.ActiveCfg = Release|Any CPU
		{0798EECC-AA15-4079-9773-86F37062DDDF}.Release|Any CPU.Build.0 = Release|Any CPU
		{0798EECC-AA15-4079-9773-86F37062DDDF}.Release|x64.ActiveCfg = Release|Any CPU
		{0798EECC-AA15-4079-9773-86F37062DDDF}.Release|x64.Build.0 = Release|Any CPU
		{0798EECC-AA15-4079-9773-86F37062DDDF}.Release|x86.ActiveCfg = Release|Any CPU
		{0798EECC-AA15-4079-9773-86F37062DDDF}.Release|x86.Build.0 = Release|Any CPU
		{BF8DEED5-6FDB-4FCE-B538-C0C006408DF9}.Debug|Any CPU.ActiveCfg = Debug|Any CPU
		{BF8DEED5-6FDB-4FCE-B538-C0C006408DF9}.Debug|Any CPU.Build.0 = Debug|Any CPU
		{BF8DEED5-6FDB-4FCE-B538-C0C006408DF9}.Debug|x64.ActiveCfg = Debug|Any CPU
		{BF8DEED5-6FDB-4FCE-B538-C0C006408DF9}.Debug|x64.Build.0 = Debug|Any CPU
		{BF8DEED5-6FDB-4FCE-B538-C0C006408DF9}.Debug|x86.ActiveCfg = Debug|Any CPU
		{BF8DEED5-6FDB-4FCE-B538-C0C006408DF9}.Debug|x86.Build.0 = Debug|Any CPU
		{BF8DEED5-6FDB-4FCE-B538-C0C006408DF9}.Release|Any CPU.ActiveCfg = Release|Any CPU
		{BF8DEED5-6FDB-4FCE-B538-C0C006408DF9}.Release|Any CPU.Build.0 = Release|Any CPU
		{BF8DEED5-6FDB-4FCE-B538-C0C006408DF9}.Release|x64.ActiveCfg = Release|Any CPU
		{BF8DEED5-6FDB-4FCE-B538-C0C006408DF9}.Release|x64.Build.0 = Release|Any CPU
		{BF8DEED5-6FDB-4FCE-B538-C0C006408DF9}.Release|x86.ActiveCfg = Release|Any CPU
		{BF8DEED5-6FDB-4FCE-B538-C0C006408DF9}.Release|x86.Build.0 = Release|Any CPU
		{331B392B-2A04-4B20-9053-4D9E344C7D94}.Debug|Any CPU.ActiveCfg = Debug|Any CPU
		{331B392B-2A04-4B20-9053-4D9E344C7D94}.Debug|Any CPU.Build.0 = Debug|Any CPU
		{331B392B-2A04-4B20-9053-4D9E344C7D94}.Debug|x64.ActiveCfg = Debug|Any CPU
		{331B392B-2A04-4B20-9053-4D9E344C7D94}.Debug|x64.Build.0 = Debug|Any CPU
		{331B392B-2A04-4B20-9053-4D9E344C7D94}.Debug|x86.ActiveCfg = Debug|Any CPU
		{331B392B-2A04-4B20-9053-4D9E344C7D94}.Debug|x86.Build.0 = Debug|Any CPU
		{331B392B-2A04-4B20-9053-4D9E344C7D94}.Release|Any CPU.ActiveCfg = Release|Any CPU
		{331B392B-2A04-4B20-9053-4D9E344C7D94}.Release|Any CPU.Build.0 = Release|Any CPU
		{331B392B-2A04-4B20-9053-4D9E344C7D94}.Release|x64.ActiveCfg = Release|Any CPU
		{331B392B-2A04-4B20-9053-4D9E344C7D94}.Release|x64.Build.0 = Release|Any CPU
		{331B392B-2A04-4B20-9053-4D9E344C7D94}.Release|x86.ActiveCfg = Release|Any CPU
		{331B392B-2A04-4B20-9053-4D9E344C7D94}.Release|x86.Build.0 = Release|Any CPU
		{B09D4030-0587-46BA-9121-54F8D145ECA5}.Debug|Any CPU.ActiveCfg = Debug|Any CPU
		{B09D4030-0587-46BA-9121-54F8D145ECA5}.Debug|Any CPU.Build.0 = Debug|Any CPU
		{B09D4030-0587-46BA-9121-54F8D145ECA5}.Debug|x64.ActiveCfg = Debug|Any CPU
		{B09D4030-0587-46BA-9121-54F8D145ECA5}.Debug|x64.Build.0 = Debug|Any CPU
		{B09D4030-0587-46BA-9121-54F8D145ECA5}.Debug|x86.ActiveCfg = Debug|Any CPU
		{B09D4030-0587-46BA-9121-54F8D145ECA5}.Debug|x86.Build.0 = Debug|Any CPU
		{B09D4030-0587-46BA-9121-54F8D145ECA5}.Release|Any CPU.ActiveCfg = Release|Any CPU
		{B09D4030-0587-46BA-9121-54F8D145ECA5}.Release|Any CPU.Build.0 = Release|Any CPU
		{B09D4030-0587-46BA-9121-54F8D145ECA5}.Release|x64.ActiveCfg = Release|Any CPU
		{B09D4030-0587-46BA-9121-54F8D145ECA5}.Release|x64.Build.0 = Release|Any CPU
		{B09D4030-0587-46BA-9121-54F8D145ECA5}.Release|x86.ActiveCfg = Release|Any CPU
		{B09D4030-0587-46BA-9121-54F8D145ECA5}.Release|x86.Build.0 = Release|Any CPU
		{4C293A2B-4652-4ED9-A223-7C309007852E}.Debug|Any CPU.ActiveCfg = Debug|Any CPU
		{4C293A2B-4652-4ED9-A223-7C309007852E}.Debug|Any CPU.Build.0 = Debug|Any CPU
		{4C293A2B-4652-4ED9-A223-7C309007852E}.Debug|x64.ActiveCfg = Debug|Any CPU
		{4C293A2B-4652-4ED9-A223-7C309007852E}.Debug|x64.Build.0 = Debug|Any CPU
		{4C293A2B-4652-4ED9-A223-7C309007852E}.Debug|x86.ActiveCfg = Debug|Any CPU
		{4C293A2B-4652-4ED9-A223-7C309007852E}.Debug|x86.Build.0 = Debug|Any CPU
		{4C293A2B-4652-4ED9-A223-7C309007852E}.Release|Any CPU.ActiveCfg = Release|Any CPU
		{4C293A2B-4652-4ED9-A223-7C309007852E}.Release|Any CPU.Build.0 = Release|Any CPU
		{4C293A2B-4652-4ED9-A223-7C309007852E}.Release|x64.ActiveCfg = Release|Any CPU
		{4C293A2B-4652-4ED9-A223-7C309007852E}.Release|x64.Build.0 = Release|Any CPU
		{4C293A2B-4652-4ED9-A223-7C309007852E}.Release|x86.ActiveCfg = Release|Any CPU
		{4C293A2B-4652-4ED9-A223-7C309007852E}.Release|x86.Build.0 = Release|Any CPU
		{9BF54762-0D48-486B-B064-191E0C702172}.Debug|Any CPU.ActiveCfg = Debug|Any CPU
		{9BF54762-0D48-486B-B064-191E0C702172}.Debug|Any CPU.Build.0 = Debug|Any CPU
		{9BF54762-0D48-486B-B064-191E0C702172}.Debug|x64.ActiveCfg = Debug|Any CPU
		{9BF54762-0D48-486B-B064-191E0C702172}.Debug|x64.Build.0 = Debug|Any CPU
		{9BF54762-0D48-486B-B064-191E0C702172}.Debug|x86.ActiveCfg = Debug|Any CPU
		{9BF54762-0D48-486B-B064-191E0C702172}.Debug|x86.Build.0 = Debug|Any CPU
		{9BF54762-0D48-486B-B064-191E0C702172}.Release|Any CPU.ActiveCfg = Release|Any CPU
		{9BF54762-0D48-486B-B064-191E0C702172}.Release|Any CPU.Build.0 = Release|Any CPU
		{9BF54762-0D48-486B-B064-191E0C702172}.Release|x64.ActiveCfg = Release|Any CPU
		{9BF54762-0D48-486B-B064-191E0C702172}.Release|x64.Build.0 = Release|Any CPU
		{9BF54762-0D48-486B-B064-191E0C702172}.Release|x86.ActiveCfg = Release|Any CPU
		{9BF54762-0D48-486B-B064-191E0C702172}.Release|x86.Build.0 = Release|Any CPU
		{925D235F-B7B4-4F09-BCF7-94CE50A2EC71}.Debug|Any CPU.ActiveCfg = Debug|Any CPU
		{925D235F-B7B4-4F09-BCF7-94CE50A2EC71}.Debug|Any CPU.Build.0 = Debug|Any CPU
		{925D235F-B7B4-4F09-BCF7-94CE50A2EC71}.Debug|x64.ActiveCfg = Debug|Any CPU
		{925D235F-B7B4-4F09-BCF7-94CE50A2EC71}.Debug|x64.Build.0 = Debug|Any CPU
		{925D235F-B7B4-4F09-BCF7-94CE50A2EC71}.Debug|x86.ActiveCfg = Debug|Any CPU
		{925D235F-B7B4-4F09-BCF7-94CE50A2EC71}.Debug|x86.Build.0 = Debug|Any CPU
		{925D235F-B7B4-4F09-BCF7-94CE50A2EC71}.Release|Any CPU.ActiveCfg = Release|Any CPU
		{925D235F-B7B4-4F09-BCF7-94CE50A2EC71}.Release|Any CPU.Build.0 = Release|Any CPU
		{925D235F-B7B4-4F09-BCF7-94CE50A2EC71}.Release|x64.ActiveCfg = Release|Any CPU
		{925D235F-B7B4-4F09-BCF7-94CE50A2EC71}.Release|x64.Build.0 = Release|Any CPU
		{925D235F-B7B4-4F09-BCF7-94CE50A2EC71}.Release|x86.ActiveCfg = Release|Any CPU
		{925D235F-B7B4-4F09-BCF7-94CE50A2EC71}.Release|x86.Build.0 = Release|Any CPU
		{76CE4BEC-9CE5-464B-A3B2-C1BC5AE9512C}.Debug|Any CPU.ActiveCfg = Debug|Any CPU
		{76CE4BEC-9CE5-464B-A3B2-C1BC5AE9512C}.Debug|Any CPU.Build.0 = Debug|Any CPU
		{76CE4BEC-9CE5-464B-A3B2-C1BC5AE9512C}.Debug|x64.ActiveCfg = Debug|Any CPU
		{76CE4BEC-9CE5-464B-A3B2-C1BC5AE9512C}.Debug|x64.Build.0 = Debug|Any CPU
		{76CE4BEC-9CE5-464B-A3B2-C1BC5AE9512C}.Debug|x86.ActiveCfg = Debug|Any CPU
		{76CE4BEC-9CE5-464B-A3B2-C1BC5AE9512C}.Debug|x86.Build.0 = Debug|Any CPU
		{76CE4BEC-9CE5-464B-A3B2-C1BC5AE9512C}.Release|Any CPU.ActiveCfg = Release|Any CPU
		{76CE4BEC-9CE5-464B-A3B2-C1BC5AE9512C}.Release|Any CPU.Build.0 = Release|Any CPU
		{76CE4BEC-9CE5-464B-A3B2-C1BC5AE9512C}.Release|x64.ActiveCfg = Release|Any CPU
		{76CE4BEC-9CE5-464B-A3B2-C1BC5AE9512C}.Release|x64.Build.0 = Release|Any CPU
		{76CE4BEC-9CE5-464B-A3B2-C1BC5AE9512C}.Release|x86.ActiveCfg = Release|Any CPU
		{76CE4BEC-9CE5-464B-A3B2-C1BC5AE9512C}.Release|x86.Build.0 = Release|Any CPU
		{FE333F2C-CAC5-42AF-ADC1-A6E58F357E6A}.Debug|Any CPU.ActiveCfg = Debug|Any CPU
		{FE333F2C-CAC5-42AF-ADC1-A6E58F357E6A}.Debug|Any CPU.Build.0 = Debug|Any CPU
		{FE333F2C-CAC5-42AF-ADC1-A6E58F357E6A}.Debug|x64.ActiveCfg = Debug|Any CPU
		{FE333F2C-CAC5-42AF-ADC1-A6E58F357E6A}.Debug|x64.Build.0 = Debug|Any CPU
		{FE333F2C-CAC5-42AF-ADC1-A6E58F357E6A}.Debug|x86.ActiveCfg = Debug|Any CPU
		{FE333F2C-CAC5-42AF-ADC1-A6E58F357E6A}.Debug|x86.Build.0 = Debug|Any CPU
		{FE333F2C-CAC5-42AF-ADC1-A6E58F357E6A}.Release|Any CPU.ActiveCfg = Release|Any CPU
		{FE333F2C-CAC5-42AF-ADC1-A6E58F357E6A}.Release|Any CPU.Build.0 = Release|Any CPU
		{FE333F2C-CAC5-42AF-ADC1-A6E58F357E6A}.Release|x64.ActiveCfg = Release|Any CPU
		{FE333F2C-CAC5-42AF-ADC1-A6E58F357E6A}.Release|x64.Build.0 = Release|Any CPU
		{FE333F2C-CAC5-42AF-ADC1-A6E58F357E6A}.Release|x86.ActiveCfg = Release|Any CPU
		{FE333F2C-CAC5-42AF-ADC1-A6E58F357E6A}.Release|x86.Build.0 = Release|Any CPU
		{D7F9A9B9-507A-401A-9CCD-1622AB118E25}.Debug|Any CPU.ActiveCfg = Debug|Any CPU
		{D7F9A9B9-507A-401A-9CCD-1622AB118E25}.Debug|Any CPU.Build.0 = Debug|Any CPU
		{D7F9A9B9-507A-401A-9CCD-1622AB118E25}.Debug|x64.ActiveCfg = Debug|Any CPU
		{D7F9A9B9-507A-401A-9CCD-1622AB118E25}.Debug|x64.Build.0 = Debug|Any CPU
		{D7F9A9B9-507A-401A-9CCD-1622AB118E25}.Debug|x86.ActiveCfg = Debug|Any CPU
		{D7F9A9B9-507A-401A-9CCD-1622AB118E25}.Debug|x86.Build.0 = Debug|Any CPU
		{D7F9A9B9-507A-401A-9CCD-1622AB118E25}.Release|Any CPU.ActiveCfg = Release|Any CPU
		{D7F9A9B9-507A-401A-9CCD-1622AB118E25}.Release|Any CPU.Build.0 = Release|Any CPU
		{D7F9A9B9-507A-401A-9CCD-1622AB118E25}.Release|x64.ActiveCfg = Release|Any CPU
		{D7F9A9B9-507A-401A-9CCD-1622AB118E25}.Release|x64.Build.0 = Release|Any CPU
		{D7F9A9B9-507A-401A-9CCD-1622AB118E25}.Release|x86.ActiveCfg = Release|Any CPU
		{D7F9A9B9-507A-401A-9CCD-1622AB118E25}.Release|x86.Build.0 = Release|Any CPU
		{AABD6AE5-1265-4FC7-9F6B-65BFA65E66F2}.Debug|Any CPU.ActiveCfg = Debug|Any CPU
		{AABD6AE5-1265-4FC7-9F6B-65BFA65E66F2}.Debug|Any CPU.Build.0 = Debug|Any CPU
		{AABD6AE5-1265-4FC7-9F6B-65BFA65E66F2}.Debug|x64.ActiveCfg = Debug|Any CPU
		{AABD6AE5-1265-4FC7-9F6B-65BFA65E66F2}.Debug|x64.Build.0 = Debug|Any CPU
		{AABD6AE5-1265-4FC7-9F6B-65BFA65E66F2}.Debug|x86.ActiveCfg = Debug|Any CPU
		{AABD6AE5-1265-4FC7-9F6B-65BFA65E66F2}.Debug|x86.Build.0 = Debug|Any CPU
		{AABD6AE5-1265-4FC7-9F6B-65BFA65E66F2}.Release|Any CPU.ActiveCfg = Release|Any CPU
		{AABD6AE5-1265-4FC7-9F6B-65BFA65E66F2}.Release|Any CPU.Build.0 = Release|Any CPU
		{AABD6AE5-1265-4FC7-9F6B-65BFA65E66F2}.Release|x64.ActiveCfg = Release|Any CPU
		{AABD6AE5-1265-4FC7-9F6B-65BFA65E66F2}.Release|x64.Build.0 = Release|Any CPU
		{AABD6AE5-1265-4FC7-9F6B-65BFA65E66F2}.Release|x86.ActiveCfg = Release|Any CPU
		{AABD6AE5-1265-4FC7-9F6B-65BFA65E66F2}.Release|x86.Build.0 = Release|Any CPU
	EndGlobalSection
	GlobalSection(SolutionProperties) = preSolution
		HideSolutionNode = FALSE
	EndGlobalSection
	GlobalSection(NestedProjects) = preSolution
		{75A2F301-F073-4147-8E56-7A9DD960EE88} = {F1875F12-D07F-1C71-9533-C3F1ED9CE8EF}
		{EC9876EC-68C4-4F15-A6B2-9A9A635EE814} = {F1875F12-D07F-1C71-9533-C3F1ED9CE8EF}
		{80208CD6-6C99-469E-A923-A1745ACA09A3} = {F1875F12-D07F-1C71-9533-C3F1ED9CE8EF}
		{0798EECC-AA15-4079-9773-86F37062DDDF} = {DC673853-139E-A8F8-77D3-CB060DAB644A}
		{BF8DEED5-6FDB-4FCE-B538-C0C006408DF9} = {DC673853-139E-A8F8-77D3-CB060DAB644A}
		{331B392B-2A04-4B20-9053-4D9E344C7D94} = {DC673853-139E-A8F8-77D3-CB060DAB644A}
		{B09D4030-0587-46BA-9121-54F8D145ECA5} = {9650ACC0-CF19-2633-FDAD-9ED9442E7F9D}
		{4C293A2B-4652-4ED9-A223-7C309007852E} = {9650ACC0-CF19-2633-FDAD-9ED9442E7F9D}
		{C61BCB08-3DF5-A944-A55C-5CC0ED58806F} = {9650ACC0-CF19-2633-FDAD-9ED9442E7F9D}
		{9BF54762-0D48-486B-B064-191E0C702172} = {C61BCB08-3DF5-A944-A55C-5CC0ED58806F}
		{925D235F-B7B4-4F09-BCF7-94CE50A2EC71} = {C61BCB08-3DF5-A944-A55C-5CC0ED58806F}
		{76CE4BEC-9CE5-464B-A3B2-C1BC5AE9512C} = {C61BCB08-3DF5-A944-A55C-5CC0ED58806F}
		{FE333F2C-CAC5-42AF-ADC1-A6E58F357E6A} = {AED6A9FA-B7E6-BB93-0E7C-0FE2EB856F53}
		{D7F9A9B9-507A-401A-9CCD-1622AB118E25} = {AED6A9FA-B7E6-BB93-0E7C-0FE2EB856F53}
		{AABD6AE5-1265-4FC7-9F6B-65BFA65E66F2} = {AED6A9FA-B7E6-BB93-0E7C-0FE2EB856F53}
	EndGlobalSection
EndGlobal
